
Microsoft Visual Studio Solution File, Format Version 12.00
# Visual Studio Version 16
VisualStudioVersion = 16.0.29613.14
MinimumVisualStudioVersion = 10.0.40219.1
Project("{9A19103F-16F7-4668-BE54-9A1E7A4F7556}") = "FoggerApi", "FoggerApi.csproj", "{7741859D-2FC4-444B-AB4E-E598C4E4DCD4}"
EndProject
Project("{9A19103F-16F7-4668-BE54-9A1E7A4F7556}") = "TestApi", "..\TestApi\TestApi\TestApi.csproj", "{1A97C066-696D-480D-8C80-A96F18BD90E1}"
EndProject
Global
	GlobalSection(SolutionConfigurationPlatforms) = preSolution
		Debug|Any CPU = Debug|Any CPU
		Release|Any CPU = Release|Any CPU
	EndGlobalSection
	GlobalSection(ProjectConfigurationPlatforms) = postSolution
		{7741859D-2FC4-444B-AB4E-E598C4E4DCD4}.Debug|Any CPU.ActiveCfg = Debug|Any CPU
		{7741859D-2FC4-444B-AB4E-E598C4E4DCD4}.Debug|Any CPU.Build.0 = Debug|Any CPU
		{7741859D-2FC4-444B-AB4E-E598C4E4DCD4}.Release|Any CPU.ActiveCfg = Release|Any CPU
		{7741859D-2FC4-444B-AB4E-E598C4E4DCD4}.Release|Any CPU.Build.0 = Release|Any CPU
		{1A97C066-696D-480D-8C80-A96F18BD90E1}.Debug|Any CPU.ActiveCfg = Debug|Any CPU
		{1A97C066-696D-480D-8C80-A96F18BD90E1}.Debug|Any CPU.Build.0 = Debug|Any CPU
		{1A97C066-696D-480D-8C80-A96F18BD90E1}.Release|Any CPU.ActiveCfg = Release|Any CPU
		{1A97C066-696D-480D-8C80-A96F18BD90E1}.Release|Any CPU.Build.0 = Release|Any CPU
	EndGlobalSection
	GlobalSection(SolutionProperties) = preSolution
		HideSolutionNode = FALSE
	EndGlobalSection
	GlobalSection(ExtensibilityGlobals) = postSolution
		SolutionGuid = {CC252316-98C2-408A-9EFA-963103878D69}
	EndGlobalSection
EndGlobal
